// !$*UTF8*$!
{
	archiveVersion = 1;
	classes = {
	};
	objectVersion = 50;
	objects = {

/* Begin PBXBuildFile section */
		4E831D8625FA274A00F74FA0 /* Stopwatch_swiftuiApp.swift in Sources */ = {isa = PBXBuildFile; fileRef = 4E831D8525FA274A00F74FA0 /* Stopwatch_swiftuiApp.swift */; };
		4E831D8825FA274A00F74FA0 /* ContentView.swift in Sources */ = {isa = PBXBuildFile; fileRef = 4E831D8725FA274A00F74FA0 /* ContentView.swift */; };
		4E831D8A25FA274B00F74FA0 /* Assets.xcassets in Resources */ = {isa = PBXBuildFile; fileRef = 4E831D8925FA274B00F74FA0 /* Assets.xcassets */; };
		4E831D8D25FA274B00F74FA0 /* Preview Assets.xcassets in Resources */ = {isa = PBXBuildFile; fileRef = 4E831D8C25FA274B00F74FA0 /* Preview Assets.xcassets */; };
		4E831D9725FA275A00F74FA0 /* Home.swift in Sources */ = {isa = PBXBuildFile; fileRef = 4E831D9625FA275A00F74FA0 /* Home.swift */; };
		4E831D9F25FA27AC00F74FA0 /* MainViewModel.swift in Sources */ = {isa = PBXBuildFile; fileRef = 4E831D9E25FA27AC00F74FA0 /* MainViewModel.swift */; };
		4E831DA625FA27F900F74FA0 /* Localizable.strings in Resources */ = {isa = PBXBuildFile; fileRef = 4E831DA825FA27F900F74FA0 /* Localizable.strings */; };
		4E831DAE25FA288C00F74FA0 /* TopView.swift in Sources */ = {isa = PBXBuildFile; fileRef = 4E831DAD25FA288C00F74FA0 /* TopView.swift */; };
		4E831DB225FA296100F74FA0 /* UIKLabel.swift in Sources */ = {isa = PBXBuildFile; fileRef = 4E831DB125FA296100F74FA0 /* UIKLabel.swift */; };
		4E831DB625FA2B8F00F74FA0 /* StopWatchView.swift in Sources */ = {isa = PBXBuildFile; fileRef = 4E831DB525FA2B8F00F74FA0 /* StopWatchView.swift */; };
		4E831DBA25FA2DD200F74FA0 /* BTNModifier.swift in Sources */ = {isa = PBXBuildFile; fileRef = 4E831DB925FA2DD200F74FA0 /* BTNModifier.swift */; };
		4E831DBD25FA2ED300F74FA0 /* TimerViewModel.swift in Sources */ = {isa = PBXBuildFile; fileRef = 4E831DBC25FA2ED300F74FA0 /* TimerViewModel.swift */; };
		4EFA2D1225FA39EA00E1AC07 /* StopwatchModel.swift in Sources */ = {isa = PBXBuildFile; fileRef = 4EFA2D1125FA39EA00E1AC07 /* StopwatchModel.swift */; };
		4EFA2D1525FA3B3E00E1AC07 /* LabView.swift in Sources */ = {isa = PBXBuildFile; fileRef = 4EFA2D1425FA3B3E00E1AC07 /* LabView.swift */; };
		4EFA2D1D25FA3DD900E1AC07 /* SwipeButtonView.swift in Sources */ = {isa = PBXBuildFile; fileRef = 4EFA2D1C25FA3DD900E1AC07 /* SwipeButtonView.swift */; };
		4EFA2D2025FA3E0B00E1AC07 /* DeleteButtonView.swift in Sources */ = {isa = PBXBuildFile; fileRef = 4EFA2D1F25FA3E0B00E1AC07 /* DeleteButtonView.swift */; };
		4EFA2D2325FA3E2E00E1AC07 /* WaveShape.swift in Sources */ = {isa = PBXBuildFile; fileRef = 4EFA2D2225FA3E2E00E1AC07 /* WaveShape.swift */; };
		4EFA2D2625FA472D00E1AC07 /* DetailView.swift in Sources */ = {isa = PBXBuildFile; fileRef = 4EFA2D2525FA472D00E1AC07 /* DetailView.swift */; };
		4EFA2D2B25FA48E800E1AC07 /* SectionHeaderView.swift in Sources */ = {isa = PBXBuildFile; fileRef = 4EFA2D2A25FA48E800E1AC07 /* SectionHeaderView.swift */; };
/* End PBXBuildFile section */

/* Begin PBXFileReference section */
		4E831D8225FA274A00F74FA0 /* Stopwatch swiftui.app */ = {isa = PBXFileReference; explicitFileType = wrapper.application; includeInIndex = 0; path = "Stopwatch swiftui.app"; sourceTree = BUILT_PRODUCTS_DIR; };
		4E831D8525FA274A00F74FA0 /* Stopwatch_swiftuiApp.swift */ = {isa = PBXFileReference; lastKnownFileType = sourcecode.swift; path = Stopwatch_swiftuiApp.swift; sourceTree = "<group>"; };
		4E831D8725FA274A00F74FA0 /* ContentView.swift */ = {isa = PBXFileReference; lastKnownFileType = sourcecode.swift; path = ContentView.swift; sourceTree = "<group>"; };
		4E831D8925FA274B00F74FA0 /* Assets.xcassets */ = {isa = PBXFileReference; lastKnownFileType = folder.assetcatalog; path = Assets.xcassets; sourceTree = "<group>"; };
		4E831D8C25FA274B00F74FA0 /* Preview Assets.xcassets */ = {isa = PBXFileReference; lastKnownFileType = folder.assetcatalog; path = "Preview Assets.xcassets"; sourceTree = "<group>"; };
		4E831D8E25FA274B00F74FA0 /* Info.plist */ = {isa = PBXFileReference; lastKnownFileType = text.plist.xml; path = Info.plist; sourceTree = "<group>"; };
		4E831D9625FA275A00F74FA0 /* Home.swift */ = {isa = PBXFileReference; lastKnownFileType = sourcecode.swift; path = Home.swift; sourceTree = "<group>"; };
		4E831D9E25FA27AC00F74FA0 /* MainViewModel.swift */ = {isa = PBXFileReference; lastKnownFileType = sourcecode.swift; path = MainViewModel.swift; sourceTree = "<group>"; };
		4E831DA725FA27F900F74FA0 /* en */ = {isa = PBXFileReference; lastKnownFileType = text.plist.strings; name = en; path = en.lproj/Localizable.strings; sourceTree = "<group>"; };
		4E831DAA25FA280D00F74FA0 /* ar */ = {isa = PBXFileReference; lastKnownFileType = text.plist.strings; name = ar; path = ar.lproj/Localizable.strings; sourceTree = "<group>"; };
		4E831DAD25FA288C00F74FA0 /* TopView.swift */ = {isa = PBXFileReference; lastKnownFileType = sourcecode.swift; path = TopView.swift; sourceTree = "<group>"; };
		4E831DB125FA296100F74FA0 /* UIKLabel.swift */ = {isa = PBXFileReference; lastKnownFileType = sourcecode.swift; path = UIKLabel.swift; sourceTree = "<group>"; };
		4E831DB525FA2B8F00F74FA0 /* StopWatchView.swift */ = {isa = PBXFileReference; lastKnownFileType = sourcecode.swift; path = StopWatchView.swift; sourceTree = "<group>"; };
		4E831DB925FA2DD200F74FA0 /* BTNModifier.swift */ = {isa = PBXFileReference; lastKnownFileType = sourcecode.swift; path = BTNModifier.swift; sourceTree = "<group>"; };
		4E831DBC25FA2ED300F74FA0 /* TimerViewModel.swift */ = {isa = PBXFileReference; lastKnownFileType = sourcecode.swift; path = TimerViewModel.swift; sourceTree = "<group>"; };
		4EFA2D1125FA39EA00E1AC07 /* StopwatchModel.swift */ = {isa = PBXFileReference; lastKnownFileType = sourcecode.swift; path = StopwatchModel.swift; sourceTree = "<group>"; };
		4EFA2D1425FA3B3E00E1AC07 /* LabView.swift */ = {isa = PBXFileReference; lastKnownFileType = sourcecode.swift; path = LabView.swift; sourceTree = "<group>"; };
		4EFA2D1C25FA3DD900E1AC07 /* SwipeButtonView.swift */ = {isa = PBXFileReference; fileEncoding = 4; lastKnownFileType = sourcecode.swift; path = SwipeButtonView.swift; sourceTree = "<group>"; };
		4EFA2D1F25FA3E0B00E1AC07 /* DeleteButtonView.swift */ = {isa = PBXFileReference; fileEncoding = 4; lastKnownFileType = sourcecode.swift; path = DeleteButtonView.swift; sourceTree = "<group>"; };
		4EFA2D2225FA3E2E00E1AC07 /* WaveShape.swift */ = {isa = PBXFileReference; fileEncoding = 4; lastKnownFileType = sourcecode.swift; path = WaveShape.swift; sourceTree = "<group>"; };
		4EFA2D2525FA472D00E1AC07 /* DetailView.swift */ = {isa = PBXFileReference; lastKnownFileType = sourcecode.swift; path = DetailView.swift; sourceTree = "<group>"; };
		4EFA2D2A25FA48E800E1AC07 /* SectionHeaderView.swift */ = {isa = PBXFileReference; lastKnownFileType = sourcecode.swift; path = SectionHeaderView.swift; sourceTree = "<group>"; };
/* End PBXFileReference section */

/* Begin PBXFrameworksBuildPhase section */
		4E831D7F25FA274A00F74FA0 /* Frameworks */ = {
			isa = PBXFrameworksBuildPhase;
			buildActionMask = 2147483647;
			files = (
			);
			runOnlyForDeploymentPostprocessing = 0;
		};
/* End PBXFrameworksBuildPhase section */

/* Begin PBXGroup section */
		4E831D7925FA274900F74FA0 = {
			isa = PBXGroup;
			children = (
				4E831D8425FA274A00F74FA0 /* Stopwatch swiftui */,
				4E831D8325FA274A00F74FA0 /* Products */,
			);
			sourceTree = "<group>";
		};
		4E831D8325FA274A00F74FA0 /* Products */ = {
			isa = PBXGroup;
			children = (
				4E831D8225FA274A00F74FA0 /* Stopwatch swiftui.app */,
			);
			name = Products;
			sourceTree = "<group>";
		};
		4E831D8425FA274A00F74FA0 /* Stopwatch swiftui */ = {
			isa = PBXGroup;
			children = (
				4E831D8525FA274A00F74FA0 /* Stopwatch_swiftuiApp.swift */,
				4E831DA225FA27DD00F74FA0 /* localization */,
				4E831D9D25FA276D00F74FA0 /* helpers */,
				4E831D9C25FA276900F74FA0 /* viewmodel */,
				4E831D9B25FA276600F74FA0 /* model */,
				4E831D9A25FA275C00F74FA0 /* view */,
				4E831D9525FA275000F74FA0 /* scenes */,
				4E831D8925FA274B00F74FA0 /* Assets.xcassets */,
				4E831D8E25FA274B00F74FA0 /* Info.plist */,
				4E831D8B25FA274B00F74FA0 /* Preview Content */,
			);
			path = "Stopwatch swiftui";
			sourceTree = "<group>";
		};
		4E831D8B25FA274B00F74FA0 /* Preview Content */ = {
			isa = PBXGroup;
			children = (
				4E831D8C25FA274B00F74FA0 /* Preview Assets.xcassets */,
			);
			path = "Preview Content";
			sourceTree = "<group>";
		};
		4E831D9525FA275000F74FA0 /* scenes */ = {
			isa = PBXGroup;
			children = (
				4E831D8725FA274A00F74FA0 /* ContentView.swift */,
				4E831D9625FA275A00F74FA0 /* Home.swift */,
				4EFA2D2525FA472D00E1AC07 /* DetailView.swift */,
			);
			path = scenes;
			sourceTree = "<group>";
		};
		4E831D9A25FA275C00F74FA0 /* view */ = {
			isa = PBXGroup;
			children = (
				4EFA2D2825FA476000E1AC07 /* detail */,
				4E831DB025FA295B00F74FA0 /* custom */,
				4E831DAD25FA288C00F74FA0 /* TopView.swift */,
				4E831DB525FA2B8F00F74FA0 /* StopWatchView.swift */,
				4EFA2D1725FA3B4100E1AC07 /* labview */,
			);
			path = view;
			sourceTree = "<group>";
		};
		4E831D9B25FA276600F74FA0 /* model */ = {
			isa = PBXGroup;
			children = (
				4EFA2D1125FA39EA00E1AC07 /* StopwatchModel.swift */,
			);
			path = model;
			sourceTree = "<group>";
		};
		4E831D9C25FA276900F74FA0 /* viewmodel */ = {
			isa = PBXGroup;
			children = (
				4E831D9E25FA27AC00F74FA0 /* MainViewModel.swift */,
				4E831DBC25FA2ED300F74FA0 /* TimerViewModel.swift */,
			);
			path = viewmodel;
			sourceTree = "<group>";
		};
		4E831D9D25FA276D00F74FA0 /* helpers */ = {
			isa = PBXGroup;
			children = (
			);
			path = helpers;
			sourceTree = "<group>";
		};
		4E831DA225FA27DD00F74FA0 /* localization */ = {
			isa = PBXGroup;
			children = (
				4E831DA825FA27F900F74FA0 /* Localizable.strings */,
			);
			path = localization;
			sourceTree = "<group>";
		};
		4E831DB025FA295B00F74FA0 /* custom */ = {
			isa = PBXGroup;
			children = (
				4E831DB125FA296100F74FA0 /* UIKLabel.swift */,
				4E831DB925FA2DD200F74FA0 /* BTNModifier.swift */,
			);
			path = custom;
			sourceTree = "<group>";
		};
		4EFA2D1725FA3B4100E1AC07 /* labview */ = {
			isa = PBXGroup;
			children = (
				4EFA2D1425FA3B3E00E1AC07 /* LabView.swift */,
				4EFA2D1C25FA3DD900E1AC07 /* SwipeButtonView.swift */,
				4EFA2D1F25FA3E0B00E1AC07 /* DeleteButtonView.swift */,
				4EFA2D2225FA3E2E00E1AC07 /* WaveShape.swift */,
			);
			path = labview;
			sourceTree = "<group>";
		};
		4EFA2D2825FA476000E1AC07 /* detail */ = {
			isa = PBXGroup;
			children = (
				4EFA2D2A25FA48E800E1AC07 /* SectionHeaderView.swift */,
			);
			path = detail;
			sourceTree = "<group>";
		};
/* End PBXGroup section */

/* Begin PBXNativeTarget section */
		4E831D8125FA274A00F74FA0 /* Stopwatch swiftui */ = {
			isa = PBXNativeTarget;
			buildConfigurationList = 4E831D9125FA274B00F74FA0 /* Build configuration list for PBXNativeTarget "Stopwatch swiftui" */;
			buildPhases = (
				4E831D7E25FA274A00F74FA0 /* Sources */,
				4E831D7F25FA274A00F74FA0 /* Frameworks */,
				4E831D8025FA274A00F74FA0 /* Resources */,
			);
			buildRules = (
			);
			dependencies = (
			);
			name = "Stopwatch swiftui";
			productName = "Stopwatch swiftui";
			productReference = 4E831D8225FA274A00F74FA0 /* Stopwatch swiftui.app */;
			productType = "com.apple.product-type.application";
		};
/* End PBXNativeTarget section */

/* Begin PBXProject section */
		4E831D7A25FA274900F74FA0 /* Project object */ = {
			isa = PBXProject;
			attributes = {
				LastSwiftUpdateCheck = 1220;
				LastUpgradeCheck = 1220;
				TargetAttributes = {
					4E831D8125FA274A00F74FA0 = {
						CreatedOnToolsVersion = 12.2;
					};
				};
			};
			buildConfigurationList = 4E831D7D25FA274900F74FA0 /* Build configuration list for PBXProject "Stopwatch swiftui" */;
			compatibilityVersion = "Xcode 9.3";
			developmentRegion = en;
			hasScannedForEncodings = 0;
			knownRegions = (
				en,
				Base,
				ar,
			);
			mainGroup = 4E831D7925FA274900F74FA0;
			productRefGroup = 4E831D8325FA274A00F74FA0 /* Products */;
			projectDirPath = "";
			projectRoot = "";
			targets = (
				4E831D8125FA274A00F74FA0 /* Stopwatch swiftui */,
			);
		};
/* End PBXProject section */

/* Begin PBXResourcesBuildPhase section */
		4E831D8025FA274A00F74FA0 /* Resources */ = {
			isa = PBXResourcesBuildPhase;
			buildActionMask = 2147483647;
			files = (
				4E831D8D25FA274B00F74FA0 /* Preview Assets.xcassets in Resources */,
				4E831DA625FA27F900F74FA0 /* Localizable.strings in Resources */,
				4E831D8A25FA274B00F74FA0 /* Assets.xcassets in Resources */,
			);
			runOnlyForDeploymentPostprocessing = 0;
		};
/* End PBXResourcesBuildPhase section */

/* Begin PBXSourcesBuildPhase section */
		4E831D7E25FA274A00F74FA0 /* Sources */ = {
			isa = PBXSourcesBuildPhase;
			buildActionMask = 2147483647;
			files = (
				4E831D8825FA274A00F74FA0 /* ContentView.swift in Sources */,
				4E831DBD25FA2ED300F74FA0 /* TimerViewModel.swift in Sources */,
				4EFA2D2325FA3E2E00E1AC07 /* WaveShape.swift in Sources */,
				4EFA2D2025FA3E0B00E1AC07 /* DeleteButtonView.swift in Sources */,
				4E831DAE25FA288C00F74FA0 /* TopView.swift in Sources */,
				4E831D9725FA275A00F74FA0 /* Home.swift in Sources */,
				4E831DB625FA2B8F00F74FA0 /* StopWatchView.swift in Sources */,
				4E831D8625FA274A00F74FA0 /* Stopwatch_swiftuiApp.swift in Sources */,
				4EFA2D1525FA3B3E00E1AC07 /* LabView.swift in Sources */,
				4E831DB225FA296100F74FA0 /* UIKLabel.swift in Sources */,
				4EFA2D1225FA39EA00E1AC07 /* StopwatchModel.swift in Sources */,
				4EFA2D2B25FA48E800E1AC07 /* SectionHeaderView.swift in Sources */,
				4E831D9F25FA27AC00F74FA0 /* MainViewModel.swift in Sources */,
				4E831DBA25FA2DD200F74FA0 /* BTNModifier.swift in Sources */,
				4EFA2D2625FA472D00E1AC07 /* DetailView.swift in Sources */,
				4EFA2D1D25FA3DD900E1AC07 /* SwipeButtonView.swift in Sources */,
			);
			runOnlyForDeploymentPostprocessing = 0;
		};
/* End PBXSourcesBuildPhase section */

/* Begin PBXVariantGroup section */
		4E831DA825FA27F900F74FA0 /* Localizable.strings */ = {
			isa = PBXVariantGroup;
			children = (
				4E831DA725FA27F900F74FA0 /* en */,
				4E831DAA25FA280D00F74FA0 /* ar */,
			);
			name = Localizable.strings;
			sourceTree = "<group>";
		};
/* End PBXVariantGroup section */

/* Begin XCBuildConfiguration section */
		4E831D8F25FA274B00F74FA0 /* Debug */ = {
			isa = XCBuildConfiguration;
			buildSettings = {
				ALWAYS_SEARCH_USER_PATHS = NO;
				CLANG_ANALYZER_LOCALIZABILITY_NONLOCALIZED = YES;
				CLANG_ANALYZER_NONNULL = YES;
				CLANG_ANALYZER_NUMBER_OBJECT_CONVERSION = YES_AGGRESSIVE;
				CLANG_CXX_LANGUAGE_STANDARD = "gnu++14";
				CLANG_CXX_LIBRARY = "libc++";
				CLANG_ENABLE_MODULES = YES;
				CLANG_ENABLE_OBJC_ARC = YES;
				CLANG_ENABLE_OBJC_WEAK = YES;
				CLANG_WARN_BLOCK_CAPTURE_AUTORELEASING = YES;
				CLANG_WARN_BOOL_CONVERSION = YES;
				CLANG_WARN_COMMA = YES;
				CLANG_WARN_CONSTANT_CONVERSION = YES;
				CLANG_WARN_DEPRECATED_OBJC_IMPLEMENTATIONS = YES;
				CLANG_WARN_DIRECT_OBJC_ISA_USAGE = YES_ERROR;
				CLANG_WARN_DOCUMENTATION_COMMENTS = YES;
				CLANG_WARN_EMPTY_BODY = YES;
				CLANG_WARN_ENUM_CONVERSION = YES;
				CLANG_WARN_INFINITE_RECURSION = YES;
				CLANG_WARN_INT_CONVERSION = YES;
				CLANG_WARN_NON_LITERAL_NULL_CONVERSION = YES;
				CLANG_WARN_OBJC_IMPLICIT_RETAIN_SELF = YES;
				CLANG_WARN_OBJC_LITERAL_CONVERSION = YES;
				CLANG_WARN_OBJC_ROOT_CLASS = YES_ERROR;
				CLANG_WARN_QUOTED_INCLUDE_IN_FRAMEWORK_HEADER = YES;
				CLANG_WARN_RANGE_LOOP_ANALYSIS = YES;
				CLANG_WARN_STRICT_PROTOTYPES = YES;
				CLANG_WARN_SUSPICIOUS_MOVE = YES;
				CLANG_WARN_UNGUARDED_AVAILABILITY = YES_AGGRESSIVE;
				CLANG_WARN_UNREACHABLE_CODE = YES;
				CLANG_WARN__DUPLICATE_METHOD_MATCH = YES;
				COPY_PHASE_STRIP = NO;
				DEBUG_INFORMATION_FORMAT = dwarf;
				ENABLE_STRICT_OBJC_MSGSEND = YES;
				ENABLE_TESTABILITY = YES;
				GCC_C_LANGUAGE_STANDARD = gnu11;
				GCC_DYNAMIC_NO_PIC = NO;
				GCC_NO_COMMON_BLOCKS = YES;
				GCC_OPTIMIZATION_LEVEL = 0;
				GCC_PREPROCESSOR_DEFINITIONS = (
					"DEBUG=1",
					"$(inherited)",
				);
				GCC_WARN_64_TO_32_BIT_CONVERSION = YES;
				GCC_WARN_ABOUT_RETURN_TYPE = YES_ERROR;
				GCC_WARN_UNDECLARED_SELECTOR = YES;
				GCC_WARN_UNINITIALIZED_AUTOS = YES_AGGRESSIVE;
				GCC_WARN_UNUSED_FUNCTION = YES;
				GCC_WARN_UNUSED_VARIABLE = YES;
				IPHONEOS_DEPLOYMENT_TARGET = 14.2;
				MTL_ENABLE_DEBUG_INFO = INCLUDE_SOURCE;
				MTL_FAST_MATH = YES;
				ONLY_ACTIVE_ARCH = YES;
				SDKROOT = iphoneos;
				SWIFT_ACTIVE_COMPILATION_CONDITIONS = DEBUG;
				SWIFT_OPTIMIZATION_LEVEL = "-Onone";
			};
			name = Debug;
		};
		4E831D9025FA274B00F74FA0 /* Release */ = {
			isa = XCBuildConfiguration;
			buildSettings = {
				ALWAYS_SEARCH_USER_PATHS = NO;
				CLANG_ANALYZER_LOCALIZABILITY_NONLOCALIZED = YES;
				CLANG_ANALYZER_NONNULL = YES;
				CLANG_ANALYZER_NUMBER_OBJECT_CONVERSION = YES_AGGRESSIVE;
				CLANG_CXX_LANGUAGE_STANDARD = "gnu++14";
				CLANG_CXX_LIBRARY = "libc++";
				CLANG_ENABLE_MODULES = YES;
				CLANG_ENABLE_OBJC_ARC = YES;
				CLANG_ENABLE_OBJC_WEAK = YES;
				CLANG_WARN_BLOCK_CAPTURE_AUTORELEASING = YES;
				CLANG_WARN_BOOL_CONVERSION = YES;
				CLANG_WARN_COMMA = YES;
				CLANG_WARN_CONSTANT_CONVERSION = YES;
				CLANG_WARN_DEPRECATED_OBJC_IMPLEMENTATIONS = YES;
				CLANG_WARN_DIRECT_OBJC_ISA_USAGE = YES_ERROR;
				CLANG_WARN_DOCUMENTATION_COMMENTS = YES;
				CLANG_WARN_EMPTY_BODY = YES;
				CLANG_WARN_ENUM_CONVERSION = YES;
				CLANG_WARN_INFINITE_RECURSION = YES;
				CLANG_WARN_INT_CONVERSION = YES;
				CLANG_WARN_NON_LITERAL_NULL_CONVERSION = YES;
				CLANG_WARN_OBJC_IMPLICIT_RETAIN_SELF = YES;
				CLANG_WARN_OBJC_LITERAL_CONVERSION = YES;
				CLANG_WARN_OBJC_ROOT_CLASS = YES_ERROR;
				CLANG_WARN_QUOTED_INCLUDE_IN_FRAMEWORK_HEADER = YES;
				CLANG_WARN_RANGE_LOOP_ANALYSIS = YES;
				CLANG_WARN_STRICT_PROTOTYPES = YES;
				CLANG_WARN_SUSPICIOUS_MOVE = YES;
				CLANG_WARN_UNGUARDED_AVAILABILITY = YES_AGGRESSIVE;
				CLANG_WARN_UNREACHABLE_CODE = YES;
				CLANG_WARN__DUPLICATE_METHOD_MATCH = YES;
				COPY_PHASE_STRIP = NO;
				DEBUG_INFORMATION_FORMAT = "dwarf-with-dsym";
				ENABLE_NS_ASSERTIONS = NO;
				ENABLE_STRICT_OBJC_MSGSEND = YES;
				GCC_C_LANGUAGE_STANDARD = gnu11;
				GCC_NO_COMMON_BLOCKS = YES;
				GCC_WARN_64_TO_32_BIT_CONVERSION = YES;
				GCC_WARN_ABOUT_RETURN_TYPE = YES_ERROR;
				GCC_WARN_UNDECLARED_SELECTOR = YES;
				GCC_WARN_UNINITIALIZED_AUTOS = YES_AGGRESSIVE;
				GCC_WARN_UNUSED_FUNCTION = YES;
				GCC_WARN_UNUSED_VARIABLE = YES;
				IPHONEOS_DEPLOYMENT_TARGET = 14.2;
				MTL_ENABLE_DEBUG_INFO = NO;
				MTL_FAST_MATH = YES;
				SDKROOT = iphoneos;
				SWIFT_COMPILATION_MODE = wholemodule;
				SWIFT_OPTIMIZATION_LEVEL = "-O";
				VALIDATE_PRODUCT = YES;
			};
			name = Release;
		};
		4E831D9225FA274B00F74FA0 /* Debug */ = {
			isa = XCBuildConfiguration;
			buildSettings = {
				ASSETCATALOG_COMPILER_APPICON_NAME = AppIcon;
				ASSETCATALOG_COMPILER_GLOBAL_ACCENT_COLOR_NAME = AccentColor;
				CODE_SIGN_STYLE = Automatic;
				DEVELOPMENT_ASSET_PATHS = "\"Stopwatch swiftui/Preview Content\"";
				DEVELOPMENT_TEAM = 5RTZJMVRS2;
				ENABLE_PREVIEWS = YES;
				INFOPLIST_FILE = "Stopwatch swiftui/Info.plist";
				IPHONEOS_DEPLOYMENT_TARGET = 14.0;
				LD_RUNPATH_SEARCH_PATHS = (
					"$(inherited)",
					"@executable_path/Frameworks",
				);
				PRODUCT_BUNDLE_IDENTIFIER = "com.hosam.net.Stopwatch-swiftui";
				PRODUCT_NAME = "$(TARGET_NAME)";
				SWIFT_VERSION = 5.0;
				TARGETED_DEVICE_FAMILY = "1,2";
			};
			name = Debug;
		};
		4E831D9325FA274B00F74FA0 /* Release */ = {
			isa = XCBuildConfiguration;
			buildSettings = {
				ASSETCATALOG_COMPILER_APPICON_NAME = AppIcon;
				ASSETCATALOG_COMPILER_GLOBAL_ACCENT_COLOR_NAME = AccentColor;
				CODE_SIGN_STYLE = Automatic;
				DEVELOPMENT_ASSET_PATHS = "\"Stopwatch swiftui/Preview Content\"";
				DEVELOPMENT_TEAM = 5RTZJMVRS2;
				ENABLE_PREVIEWS = YES;
				INFOPLIST_FILE = "Stopwatch swiftui/Info.plist";
				IPHONEOS_DEPLOYMENT_TARGET = 14.0;
				LD_RUNPATH_SEARCH_PATHS = (
					"$(inherited)",
					"@executable_path/Frameworks",
				);
				PRODUCT_BUNDLE_IDENTIFIER = "com.hosam.net.Stopwatch-swiftui";
				PRODUCT_NAME = "$(TARGET_NAME)";
				SWIFT_VERSION = 5.0;
				TARGETED_DEVICE_FAMILY = "1,2";
			};
			name = Release;
		};
/* End XCBuildConfiguration section */

/* Begin XCConfigurationList section */
		4E831D7D25FA274900F74FA0 /* Build configuration list for PBXProject "Stopwatch swiftui" */ = {
			isa = XCConfigurationList;
			buildConfigurations = (
				4E831D8F25FA274B00F74FA0 /* Debug */,
				4E831D9025FA274B00F74FA0 /* Release */,
			);
			defaultConfigurationIsVisible = 0;
			defaultConfigurationName = Release;
		};
		4E831D9125FA274B00F74FA0 /* Build configuration list for PBXNativeTarget "Stopwatch swiftui" */ = {
			isa = XCConfigurationList;
			buildConfigurations = (
				4E831D9225FA274B00F74FA0 /* Debug */,
				4E831D9325FA274B00F74FA0 /* Release */,
			);
			defaultConfigurationIsVisible = 0;
			defaultConfigurationName = Release;
		};
/* End XCConfigurationList section */
	};
	rootObject = 4E831D7A25FA274900F74FA0 /* Project object */;
}
